
Microsoft Visual Studio Solution File, Format Version 12.00
# Visual Studio Version 17
VisualStudioVersion = 17.6.33829.357
MinimumVisualStudioVersion = 10.0.40219.1
Project("{FAE04EC0-301F-11D3-BF4B-00C04F79EFBC}") = "MovieRankingApp", "MovieRankingApp\MovieRankingApp.csproj", "{17C567F8-9E66-47DB-852A-EC814107CC91}"
EndProject
Global
	GlobalSection(SolutionConfigurationPlatforms) = preSolution
		Debug|Any CPU = Debug|Any CPU
		Release|Any CPU = Release|Any CPU
	EndGlobalSection
	GlobalSection(ProjectConfigurationPlatforms) = postSolution
		{17C567F8-9E66-47DB-852A-EC814107CC91}.Debug|Any CPU.ActiveCfg = Debug|Any CPU
		{17C567F8-9E66-47DB-852A-EC814107CC91}.Debug|Any CPU.Build.0 = Debug|Any CPU
		{17C567F8-9E66-47DB-852A-EC814107CC91}.Release|Any CPU.ActiveCfg = Release|Any CPU
		{17C567F8-9E66-47DB-852A-EC814107CC91}.Release|Any CPU.Build.0 = Release|Any CPU
	EndGlobalSection
	GlobalSection(SolutionProperties) = preSolution
		HideSolutionNode = FALSE
	EndGlobalSection
	GlobalSection(ExtensibilityGlobals) = postSolution
		SolutionGuid = {F1B0DB61-EBD6-4365-AE13-C9908ADE92A3}
	EndGlobalSection
EndGlobal
